<?xml version="1.0" encoding="utf-8"?>
<Project ToolsVersion="4.0" xmlns="http://schemas.microsoft.com/developer/msbuild/2003">
  <ItemGroup>
    <Filter Include="Resource Files">
      <UniqueIdentifier>{67DA6AB6-F800-4c08-8B7A-83BB121AAD01}</UniqueIdentifier>
      <Extensions>rc;ico;cur;bmp;dlg;rc2;rct;bin;rgs;gif;jpg;jpeg;jpe;resx;tiff;tif;png;wav;mfcribbon-ms</Extensions>
    </Filter>
    <Filter Include="Image">
      <UniqueIdentifier>{f4aebb81-8eed-4b42-ba0f-7e7972693257}</UniqueIdentifier>
    </Filter>
    <Filter Include="Color">
      <UniqueIdentifier>{a5e1a4b2-ece1-43c8-8e7c-12aff4602ffa}</UniqueIdentifier>
    </Filter>
    <Filter Include="Adaptor">
      <UniqueIdentifier>{f401be70-5ed4-4908-95d9-c62ab96275ce}</UniqueIdentifier>
    </Filter>
    <Filter Include="Algorithms">
      <UniqueIdentifier>{806f7f36-db0a-4ebb-bd14-2da71b2a0bbb}</UniqueIdentifier>
    </Filter>
    <Filter Include="Utility">
      <UniqueIdentifier>{825d2388-a8b2-4dc0-a540-94d552140db4}</UniqueIdentifier>
    </Filter>
  </ItemGroup>
  <ItemGroup>
    <ClCompile Include="..\src\imglib\adaptors\jpeg_adaptor.cpp">
      <Filter>Adaptor</Filter>
    </ClCompile>
    <ClCompile Include="..\src\imglib\utility\utility.cpp">
      <Filter>Utility</Filter>
    </ClCompile>
    <ClCompile Include="..\src\imglib\adaptors\png_adaptor.cpp">
      <Filter>Adaptor</Filter>
    </ClCompile>
  </ItemGroup>
  <ItemGroup>
    <ClInclude Include="..\src\imglib\adaptors\jpeg_adaptor.hpp">
      <Filter>Adaptor</Filter>
    </ClInclude>
    <ClInclude Include="..\src\imglib\algorithms\convolution.hpp">
      <Filter>Algorithms</Filter>
    </ClInclude>
    <ClInclude Include="..\src\imglib\algorithms\homogeneous_point_operations.hpp">
      <Filter>Algorithms</Filter>
    </ClInclude>
    <ClInclude Include="..\src\imglib\algorithms\image_generation.hpp">
      <Filter>Algorithms</Filter>
    </ClInclude>
    <ClInclude Include="..\src\imglib\algorithms\geometric_modifications.hpp">
      <Filter>Algorithms</Filter>
    </ClInclude>
    <ClInclude Include="..\src\imglib\color\color.hpp">
      <Filter>Color</Filter>
    </ClInclude>
    <ClInclude Include="..\src\imglib\image\channel.hpp">
      <Filter>Image</Filter>
    </ClInclude>
    <ClInclude Include="..\src\imglib\image\image.hpp">
      <Filter>Image</Filter>
    </ClInclude>
    <ClInclude Include="..\src\imglib\config.hpp" />
    <ClInclude Include="..\src\imglib\utility\logger.hpp">
      <Filter>Utility</Filter>
    </ClInclude>
    <ClInclude Include="..\src\imglib\image\cimage.hpp">
      <Filter>Image</Filter>
    </ClInclude>
    <ClInclude Include="..\src\imglib\utility\utility.hpp">
      <Filter>Utility</Filter>
    </ClInclude>
    <ClInclude Include="..\src\imglib\image\pimage.hpp">
      <Filter>Image</Filter>
    </ClInclude>
    <ClInclude Include="..\src\imglib\utility\simple_geometry.hpp">
      <Filter>Utility</Filter>
    </ClInclude>
    <ClInclude Include="..\src\imglib\adaptors\png_adaptor.hpp">
      <Filter>Adaptor</Filter>
    </ClInclude>
  </ItemGroup>
</Project>